
Microsoft Visual Studio Solution File, Format Version 12.00
# Visual Studio Version 16
VisualStudioVersion = 16.0.32228.343
MinimumVisualStudioVersion = 10.0.40219.1
Project("{FAE04EC0-301F-11D3-BF4B-00C04F79EFBC}") = "HesapMakinesi", "HesapMakinesi.csproj", "{C4DCF458-788E-45BB-9DEB-3EA5CCB7BD4E}"
EndProject
Global
	GlobalSection(SolutionConfigurationPlatforms) = preSolution
		Debug|Any CPU = Debug|Any CPU
		Release|Any CPU = Release|Any CPU
	EndGlobalSection
	GlobalSection(ProjectConfigurationPlatforms) = postSolution
		{C4DCF458-788E-45BB-9DEB-3EA5CCB7BD4E}.Debug|Any CPU.ActiveCfg = Debug|Any CPU
		{C4DCF458-788E-45BB-9DEB-3EA5CCB7BD4E}.Debug|Any CPU.Build.0 = Debug|Any CPU
		{C4DCF458-788E-45BB-9DEB-3EA5CCB7BD4E}.Release|Any CPU.ActiveCfg = Release|Any CPU
		{C4DCF458-788E-45BB-9DEB-3EA5CCB7BD4E}.Release|Any CPU.Build.0 = Release|Any CPU
	EndGlobalSection
	GlobalSection(SolutionProperties) = preSolution
		HideSolutionNode = FALSE
	EndGlobalSection
	GlobalSection(ExtensibilityGlobals) = postSolution
		SolutionGuid = {F64597AB-7684-4D62-9703-6F60EFA62A9B}
	EndGlobalSection
EndGlobal
